
Microsoft Visual Studio Solution File, Format Version 12.00
# Visual Studio Version 17
VisualStudioVersion = 17.14.36301.6 d17.14
MinimumVisualStudioVersion = 10.0.40219.1
Project("{FAE04EC0-301F-11D3-BF4B-00C04F79EFBC}") = "LegacyModernization.Presentation", "LegacyModernization.Presentation\LegacyModernization.Presentation.csproj", "{D5D0CBE6-180C-4C58-AA70-40168A38D67B}"
EndProject
Project("{FAE04EC0-301F-11D3-BF4B-00C04F79EFBC}") = "LegacyModernization.Core", "..\LegacyModernization.Core\LegacyModernization.Core.csproj", "{D6259EBA-7F35-4032-93A2-A041FF0E692E}"
EndProject
Project("{FAE04EC0-301F-11D3-BF4B-00C04F79EFBC}") = "LegacyModernization.Infrastructure", "..\LegacyModernization.Infrastructure\LegacyModernization.Infrastructure.csproj", "{CA044019-1896-48B0-A2C8-8B58C9EACDEC}"
EndProject
Project("{FAE04EC0-301F-11D3-BF4B-00C04F79EFBC}") = "LegacyModernization.Application", "LegacyModernization.Application\LegacyModernization.Application.csproj", "{0A913555-B6D5-438B-A1C9-FCC527386425}"
EndProject
Global
	GlobalSection(SolutionConfigurationPlatforms) = preSolution
		Debug|Any CPU = Debug|Any CPU
		Release|Any CPU = Release|Any CPU
	EndGlobalSection
	GlobalSection(ProjectConfigurationPlatforms) = postSolution
		{D5D0CBE6-180C-4C58-AA70-40168A38D67B}.Debug|Any CPU.ActiveCfg = Debug|Any CPU
		{D5D0CBE6-180C-4C58-AA70-40168A38D67B}.Debug|Any CPU.Build.0 = Debug|Any CPU
		{D5D0CBE6-180C-4C58-AA70-40168A38D67B}.Release|Any CPU.ActiveCfg = Release|Any CPU
		{D5D0CBE6-180C-4C58-AA70-40168A38D67B}.Release|Any CPU.Build.0 = Release|Any CPU
		{D6259EBA-7F35-4032-93A2-A041FF0E692E}.Debug|Any CPU.ActiveCfg = Debug|Any CPU
		{D6259EBA-7F35-4032-93A2-A041FF0E692E}.Debug|Any CPU.Build.0 = Debug|Any CPU
		{D6259EBA-7F35-4032-93A2-A041FF0E692E}.Release|Any CPU.ActiveCfg = Release|Any CPU
		{D6259EBA-7F35-4032-93A2-A041FF0E692E}.Release|Any CPU.Build.0 = Release|Any CPU
		{CA044019-1896-48B0-A2C8-8B58C9EACDEC}.Debug|Any CPU.ActiveCfg = Debug|Any CPU
		{CA044019-1896-48B0-A2C8-8B58C9EACDEC}.Debug|Any CPU.Build.0 = Debug|Any CPU
		{CA044019-1896-48B0-A2C8-8B58C9EACDEC}.Release|Any CPU.ActiveCfg = Release|Any CPU
		{CA044019-1896-48B0-A2C8-8B58C9EACDEC}.Release|Any CPU.Build.0 = Release|Any CPU
		{0A913555-B6D5-438B-A1C9-FCC527386425}.Debug|Any CPU.ActiveCfg = Debug|Any CPU
		{0A913555-B6D5-438B-A1C9-FCC527386425}.Debug|Any CPU.Build.0 = Debug|Any CPU
		{0A913555-B6D5-438B-A1C9-FCC527386425}.Release|Any CPU.ActiveCfg = Release|Any CPU
		{0A913555-B6D5-438B-A1C9-FCC527386425}.Release|Any CPU.Build.0 = Release|Any CPU
	EndGlobalSection
	GlobalSection(SolutionProperties) = preSolution
		HideSolutionNode = FALSE
	EndGlobalSection
	GlobalSection(ExtensibilityGlobals) = postSolution
		SolutionGuid = {CF8B48A8-5D49-4CAE-AED5-D0511E8451E5}
	EndGlobalSection
EndGlobal
